
Microsoft Visual Studio Solution File, Format Version 12.00
# Visual Studio Version 17
VisualStudioVersion = 17.0.31919.166
MinimumVisualStudioVersion = 10.0.40219.1
Project("{FAE04EC0-301F-11D3-BF4B-00C04F79EFBC}") = "firstProject", "firstProject\firstProject.csproj", "{44705DAD-87E8-4B45-AC8A-9C48340980A4}"
EndProject
Global
	GlobalSection(SolutionConfigurationPlatforms) = preSolution
		Debug|Any CPU = Debug|Any CPU
		Release|Any CPU = Release|Any CPU
	EndGlobalSection
	GlobalSection(ProjectConfigurationPlatforms) = postSolution
		{44705DAD-87E8-4B45-AC8A-9C48340980A4}.Debug|Any CPU.ActiveCfg = Debug|Any CPU
		{44705DAD-87E8-4B45-AC8A-9C48340980A4}.Debug|Any CPU.Build.0 = Debug|Any CPU
		{44705DAD-87E8-4B45-AC8A-9C48340980A4}.Release|Any CPU.ActiveCfg = Release|Any CPU
		{44705DAD-87E8-4B45-AC8A-9C48340980A4}.Release|Any CPU.Build.0 = Release|Any CPU
	EndGlobalSection
	GlobalSection(SolutionProperties) = preSolution
		HideSolutionNode = FALSE
	EndGlobalSection
	GlobalSection(ExtensibilityGlobals) = postSolution
		SolutionGuid = {C6D6B5AD-F6BE-4BC5-AC04-E5AC161F5311}
	EndGlobalSection
EndGlobal
